
Microsoft Visual Studio Solution File, Format Version 12.00
# Visual Studio Version 17
VisualStudioVersion = 17.6.33801.468
MinimumVisualStudioVersion = 10.0.40219.1
Project("{FAE04EC0-301F-11D3-BF4B-00C04F79EFBC}") = "Training Project 4", "Training Project 4\Training Project 4.csproj", "{F4A62ABD-26B5-4326-AE78-AECB47CBA8D8}"
EndProject
Global
	GlobalSection(SolutionConfigurationPlatforms) = preSolution
		Debug|Any CPU = Debug|Any CPU
		Release|Any CPU = Release|Any CPU
	EndGlobalSection
	GlobalSection(ProjectConfigurationPlatforms) = postSolution
		{F4A62ABD-26B5-4326-AE78-AECB47CBA8D8}.Debug|Any CPU.ActiveCfg = Debug|Any CPU
		{F4A62ABD-26B5-4326-AE78-AECB47CBA8D8}.Debug|Any CPU.Build.0 = Debug|Any CPU
		{F4A62ABD-26B5-4326-AE78-AECB47CBA8D8}.Release|Any CPU.ActiveCfg = Release|Any CPU
		{F4A62ABD-26B5-4326-AE78-AECB47CBA8D8}.Release|Any CPU.Build.0 = Release|Any CPU
	EndGlobalSection
	GlobalSection(SolutionProperties) = preSolution
		HideSolutionNode = FALSE
	EndGlobalSection
	GlobalSection(ExtensibilityGlobals) = postSolution
		SolutionGuid = {A219D7ED-D8F9-45FF-8B5E-F77FC6362E6D}
	EndGlobalSection
EndGlobal
